
Microsoft Visual Studio Solution File, Format Version 12.00
# Visual Studio Version 17
VisualStudioVersion = 17.10.35004.147
MinimumVisualStudioVersion = 10.0.40219.1
Project("{FAE04EC0-301F-11D3-BF4B-00C04F79EFBC}") = "Domain", "Domain\Domain.csproj", "{58C42C00-3ED0-4A74-A300-138457B6BE69}"
EndProject
Project("{FAE04EC0-301F-11D3-BF4B-00C04F79EFBC}") = "Application", "Application\Application.csproj", "{0D73F6CF-DB98-4A94-8CF2-E1EF829AABF2}"
EndProject
Project("{FAE04EC0-301F-11D3-BF4B-00C04F79EFBC}") = "Infrastrure", "Infrastrure\Infrastrure.csproj", "{45D8FD77-AF0A-4303-BF86-CE95D73DA85C}"
EndProject
Project("{FAE04EC0-301F-11D3-BF4B-00C04F79EFBC}") = "WebAPI", "WebAPI\WebAPI.csproj", "{A46BEA3A-C57F-41E9-A40F-3CB56C9B8F48}"
EndProject
Global
	GlobalSection(SolutionConfigurationPlatforms) = preSolution
		Debug|Any CPU = Debug|Any CPU
		Release|Any CPU = Release|Any CPU
	EndGlobalSection
	GlobalSection(ProjectConfigurationPlatforms) = postSolution
		{58C42C00-3ED0-4A74-A300-138457B6BE69}.Debug|Any CPU.ActiveCfg = Debug|Any CPU
		{58C42C00-3ED0-4A74-A300-138457B6BE69}.Debug|Any CPU.Build.0 = Debug|Any CPU
		{58C42C00-3ED0-4A74-A300-138457B6BE69}.Release|Any CPU.ActiveCfg = Release|Any CPU
		{58C42C00-3ED0-4A74-A300-138457B6BE69}.Release|Any CPU.Build.0 = Release|Any CPU
		{0D73F6CF-DB98-4A94-8CF2-E1EF829AABF2}.Debug|Any CPU.ActiveCfg = Debug|Any CPU
		{0D73F6CF-DB98-4A94-8CF2-E1EF829AABF2}.Debug|Any CPU.Build.0 = Debug|Any CPU
		{0D73F6CF-DB98-4A94-8CF2-E1EF829AABF2}.Release|Any CPU.ActiveCfg = Release|Any CPU
		{0D73F6CF-DB98-4A94-8CF2-E1EF829AABF2}.Release|Any CPU.Build.0 = Release|Any CPU
		{45D8FD77-AF0A-4303-BF86-CE95D73DA85C}.Debug|Any CPU.ActiveCfg = Debug|Any CPU
		{45D8FD77-AF0A-4303-BF86-CE95D73DA85C}.Debug|Any CPU.Build.0 = Debug|Any CPU
		{45D8FD77-AF0A-4303-BF86-CE95D73DA85C}.Release|Any CPU.ActiveCfg = Release|Any CPU
		{45D8FD77-AF0A-4303-BF86-CE95D73DA85C}.Release|Any CPU.Build.0 = Release|Any CPU
		{A46BEA3A-C57F-41E9-A40F-3CB56C9B8F48}.Debug|Any CPU.ActiveCfg = Debug|Any CPU
		{A46BEA3A-C57F-41E9-A40F-3CB56C9B8F48}.Debug|Any CPU.Build.0 = Debug|Any CPU
		{A46BEA3A-C57F-41E9-A40F-3CB56C9B8F48}.Release|Any CPU.ActiveCfg = Release|Any CPU
		{A46BEA3A-C57F-41E9-A40F-3CB56C9B8F48}.Release|Any CPU.Build.0 = Release|Any CPU
	EndGlobalSection
	GlobalSection(SolutionProperties) = preSolution
		HideSolutionNode = FALSE
	EndGlobalSection
	GlobalSection(ExtensibilityGlobals) = postSolution
		SolutionGuid = {F8F9952E-8B47-413A-ABB0-7FE831307FAC}
	EndGlobalSection
EndGlobal
